# generated by rye
# use `rye lock` or `rye sync` to update this lockfile
#
# last locked with the following flags:
#   pre: false
#   features: []
#   all-features: false
#   with-sources: false

-e file:.
contourpy==1.3.0
    # via matplotlib
cycler==0.12.1
    # via matplotlib
filelock==3.16.1
    # via torch
fonttools==4.54.1
    # via matplotlib
fsspec==2024.10.0
    # via torch
jinja2==3.1.4
    # via torch
joblib==1.4.2
    # via scikit-learn
kiwisolver==1.4.7
    # via matplotlib
markupsafe==3.0.2
    # via jinja2
matplotlib==3.9.2
    # via latex-recognize
mpmath==1.3.0
    # via sympy
natsort==8.4.0
    # via latex-recognize
networkx==3.4.2
    # via torch
numpy==1.26.4
    # via contourpy
    # via latex-recognize
    # via matplotlib
    # via scikit-learn
    # via scipy
    # via torchvision
packaging==24.1
    # via matplotlib
pillow==11.0.0
    # via latex-recognize
    # via matplotlib
    # via torchvision
pymupdf==1.24.13
    # via latex-recognize
pyparsing==3.2.0
    # via matplotlib
pyqt5==5.15.10
    # via latex-recognize
pyqt5-qt5==5.15.15
    # via pyqt5
pyqt5-sip==12.15.0
    # via pyqt5
python-dateutil==2.9.0.post0
    # via matplotlib
scikit-learn==1.5.2
    # via latex-recognize
scipy==1.14.1
    # via scikit-learn
six==1.16.0
    # via python-dateutil
sympy==1.13.3
    # via torch
threadpoolctl==3.5.0
    # via scikit-learn
torch==2.2.2
    # via latex-recognize
    # via torchvision
torchvision==0.17.2
    # via latex-recognize
tqdm==4.67.0
    # via latex-recognize
typing-extensions==4.12.2
    # via torch
